
Microsoft Visual Studio Solution File, Format Version 12.00
# Visual Studio Version 17
VisualStudioVersion = 17.11.35327.3
MinimumVisualStudioVersion = 10.0.40219.1
Project("{9A19103F-16F7-4668-BE54-9A1E7A4F7556}") = "SaleOrderProcessingAPI", "SaleOrderProcessingAPI.csproj", "{4039B8C4-2829-40D8-B0A3-A0FE697498DA}"
EndProject
Project("{9A19103F-16F7-4668-BE54-9A1E7A4F7556}") = "SalesAPILibrary", "..\..\SalesAPILibrary\SalesAPILibrary.csproj", "{0FAB80B0-8C97-4ADE-9CB7-AA7A5D242D3A}"
EndProject
Project("{9A19103F-16F7-4668-BE54-9A1E7A4F7556}") = "SaleOrderDataService", "..\..\SaleOrderDataService\SaleOrderDataService\SaleOrderDataService.csproj", "{CCDAA0B4-19C1-4046-9F86-94E4A3B363FB}"
EndProject
Global
	GlobalSection(SolutionConfigurationPlatforms) = preSolution
		Debug|Any CPU = Debug|Any CPU
		Release|Any CPU = Release|Any CPU
	EndGlobalSection
	GlobalSection(ProjectConfigurationPlatforms) = postSolution
		{4039B8C4-2829-40D8-B0A3-A0FE697498DA}.Debug|Any CPU.ActiveCfg = Debug|Any CPU
		{4039B8C4-2829-40D8-B0A3-A0FE697498DA}.Debug|Any CPU.Build.0 = Debug|Any CPU
		{4039B8C4-2829-40D8-B0A3-A0FE697498DA}.Release|Any CPU.ActiveCfg = Release|Any CPU
		{4039B8C4-2829-40D8-B0A3-A0FE697498DA}.Release|Any CPU.Build.0 = Release|Any CPU
		{0FAB80B0-8C97-4ADE-9CB7-AA7A5D242D3A}.Debug|Any CPU.ActiveCfg = Debug|Any CPU
		{0FAB80B0-8C97-4ADE-9CB7-AA7A5D242D3A}.Debug|Any CPU.Build.0 = Debug|Any CPU
		{0FAB80B0-8C97-4ADE-9CB7-AA7A5D242D3A}.Release|Any CPU.ActiveCfg = Release|Any CPU
		{0FAB80B0-8C97-4ADE-9CB7-AA7A5D242D3A}.Release|Any CPU.Build.0 = Release|Any CPU
		{CCDAA0B4-19C1-4046-9F86-94E4A3B363FB}.Debug|Any CPU.ActiveCfg = Debug|Any CPU
		{CCDAA0B4-19C1-4046-9F86-94E4A3B363FB}.Debug|Any CPU.Build.0 = Debug|Any CPU
		{CCDAA0B4-19C1-4046-9F86-94E4A3B363FB}.Release|Any CPU.ActiveCfg = Release|Any CPU
		{CCDAA0B4-19C1-4046-9F86-94E4A3B363FB}.Release|Any CPU.Build.0 = Release|Any CPU
	EndGlobalSection
	GlobalSection(SolutionProperties) = preSolution
		HideSolutionNode = FALSE
	EndGlobalSection
	GlobalSection(ExtensibilityGlobals) = postSolution
		SolutionGuid = {F261DB75-D914-44B0-A93D-D18E8E0C820A}
	EndGlobalSection
EndGlobal
